
Microsoft Visual Studio Solution File, Format Version 12.00
# Visual Studio Version 17
VisualStudioVersion = 17.10.35027.167
MinimumVisualStudioVersion = 10.0.40219.1
Project("{9A19103F-16F7-4668-BE54-9A1E7A4F7556}") = "OnlineShop", "OnlineShop\OnlineShop.csproj", "{CE30DEC3-210F-4FAE-AB85-7A72E8B9191F}"
EndProject
Project("{FAE04EC0-301F-11D3-BF4B-00C04F79EFBC}") = "test_mvc", "test_mvc\test_mvc.csproj", "{FA136231-68E1-48B4-8481-73416D61EF3A}"
EndProject
Global
	GlobalSection(SolutionConfigurationPlatforms) = preSolution
		Debug|Any CPU = Debug|Any CPU
		Release|Any CPU = Release|Any CPU
	EndGlobalSection
	GlobalSection(ProjectConfigurationPlatforms) = postSolution
		{CE30DEC3-210F-4FAE-AB85-7A72E8B9191F}.Debug|Any CPU.ActiveCfg = Debug|Any CPU
		{CE30DEC3-210F-4FAE-AB85-7A72E8B9191F}.Debug|Any CPU.Build.0 = Debug|Any CPU
		{CE30DEC3-210F-4FAE-AB85-7A72E8B9191F}.Release|Any CPU.ActiveCfg = Release|Any CPU
		{CE30DEC3-210F-4FAE-AB85-7A72E8B9191F}.Release|Any CPU.Build.0 = Release|Any CPU
		{FA136231-68E1-48B4-8481-73416D61EF3A}.Debug|Any CPU.ActiveCfg = Debug|Any CPU
		{FA136231-68E1-48B4-8481-73416D61EF3A}.Debug|Any CPU.Build.0 = Debug|Any CPU
		{FA136231-68E1-48B4-8481-73416D61EF3A}.Release|Any CPU.ActiveCfg = Release|Any CPU
		{FA136231-68E1-48B4-8481-73416D61EF3A}.Release|Any CPU.Build.0 = Release|Any CPU
	EndGlobalSection
	GlobalSection(SolutionProperties) = preSolution
		HideSolutionNode = FALSE
	EndGlobalSection
	GlobalSection(ExtensibilityGlobals) = postSolution
		SolutionGuid = {0F9DF3E8-C545-43D5-BEB8-53A23C61033E}
	EndGlobalSection
EndGlobal
